
Microsoft Visual Studio Solution File, Format Version 12.00
# Visual Studio Version 17
VisualStudioVersion = 17.2.32616.157
MinimumVisualStudioVersion = 10.0.40219.1
Project("{FAE04EC0-301F-11D3-BF4B-00C04F79EFBC}") = "testAutoation_c_sharpe_nUnit", "testAutoation_c_sharpe_nUnit.csproj", "{4AD1BF27-E482-4D43-84EE-716E5ED7FA95}"
EndProject
Global
	GlobalSection(SolutionConfigurationPlatforms) = preSolution
		Debug|Any CPU = Debug|Any CPU
		Release|Any CPU = Release|Any CPU
	EndGlobalSection
	GlobalSection(ProjectConfigurationPlatforms) = postSolution
		{4AD1BF27-E482-4D43-84EE-716E5ED7FA95}.Debug|Any CPU.ActiveCfg = Debug|Any CPU
		{4AD1BF27-E482-4D43-84EE-716E5ED7FA95}.Debug|Any CPU.Build.0 = Debug|Any CPU
		{4AD1BF27-E482-4D43-84EE-716E5ED7FA95}.Release|Any CPU.ActiveCfg = Release|Any CPU
		{4AD1BF27-E482-4D43-84EE-716E5ED7FA95}.Release|Any CPU.Build.0 = Release|Any CPU
	EndGlobalSection
	GlobalSection(SolutionProperties) = preSolution
		HideSolutionNode = FALSE
	EndGlobalSection
	GlobalSection(ExtensibilityGlobals) = postSolution
		SolutionGuid = {CA381FF0-DD37-4147-9687-E8039C3C9CC9}
	EndGlobalSection
EndGlobal
